# This file is automatically @generated by Cargo.
# It is not intended for manual editing.
version = 4

[[package]]
name = "HelloWorld"
version = "0.1.0"

[[package]]
name = "Struct"
version = "0.1.0"

[[package]]
name = "arithmatic-and-type-casting"
version = "0.1.0"

[[package]]
name = "console-input"
version = "0.1.0"

[[package]]
name = "dataTypes"
version = "0.1.0"

[[package]]
name = "enum-and-pattern-matching"
version = "0.1.0"

[[package]]
name = "flow-control"
version = "0.1.0"

[[package]]
name = "functions"
version = "0.1.0"

[[package]]
name = "ownership"
version = "0.1.0"

[[package]]
name = "variables"
version = "0.1.0"
